
Microsoft Visual Studio Solution File, Format Version 12.00
# Visual Studio Version 17
VisualStudioVersion = 17.0.32112.339
MinimumVisualStudioVersion = 10.0.40219.1
Project("{FAE04EC0-301F-11D3-BF4B-00C04F79EFBC}") = "Web.Server", "src\Web\Server\Web.Server.csproj", "{EC19CA00-C90B-42D0-99E1-18CFB9D803D7}"
EndProject
Project("{FAE04EC0-301F-11D3-BF4B-00C04F79EFBC}") = "Web.Client", "src\Web\Client\Web.Client.csproj", "{73F79AB7-825C-4B1C-81D3-B1155ACF262D}"
EndProject
Project("{FAE04EC0-301F-11D3-BF4B-00C04F79EFBC}") = "Web.Shared", "src\Web\Shared\Web.Shared.csproj", "{70F1873B-41A2-4665-89F9-EA5080D1E3E1}"
EndProject
Project("{2150E333-8FDC-42A3-9474-1A3956D46DE8}") = "src", "src", "{A44AACD5-0A12-4AAF-969D-4F436CE6B985}"
EndProject
Project("{2150E333-8FDC-42A3-9474-1A3956D46DE8}") = "Web", "Web", "{718CD62B-CA86-4D39-AD46-31CBAAC34445}"
EndProject
Project("{FAE04EC0-301F-11D3-BF4B-00C04F79EFBC}") = "RatingService", "src\Services\RatingService\RatingService.csproj", "{20778208-3B4B-4A09-B197-4701A5B1310D}"
EndProject
Project("{2150E333-8FDC-42A3-9474-1A3956D46DE8}") = "Services", "Services", "{585FEC48-C9A8-48F4-9015-D02B275AFDC9}"
EndProject
Global
	GlobalSection(SolutionConfigurationPlatforms) = preSolution
		Debug|Any CPU = Debug|Any CPU
		Release|Any CPU = Release|Any CPU
	EndGlobalSection
	GlobalSection(ProjectConfigurationPlatforms) = postSolution
		{EC19CA00-C90B-42D0-99E1-18CFB9D803D7}.Debug|Any CPU.ActiveCfg = Debug|Any CPU
		{EC19CA00-C90B-42D0-99E1-18CFB9D803D7}.Debug|Any CPU.Build.0 = Debug|Any CPU
		{EC19CA00-C90B-42D0-99E1-18CFB9D803D7}.Release|Any CPU.ActiveCfg = Release|Any CPU
		{EC19CA00-C90B-42D0-99E1-18CFB9D803D7}.Release|Any CPU.Build.0 = Release|Any CPU
		{73F79AB7-825C-4B1C-81D3-B1155ACF262D}.Debug|Any CPU.ActiveCfg = Debug|Any CPU
		{73F79AB7-825C-4B1C-81D3-B1155ACF262D}.Debug|Any CPU.Build.0 = Debug|Any CPU
		{73F79AB7-825C-4B1C-81D3-B1155ACF262D}.Release|Any CPU.ActiveCfg = Release|Any CPU
		{73F79AB7-825C-4B1C-81D3-B1155ACF262D}.Release|Any CPU.Build.0 = Release|Any CPU
		{70F1873B-41A2-4665-89F9-EA5080D1E3E1}.Debug|Any CPU.ActiveCfg = Debug|Any CPU
		{70F1873B-41A2-4665-89F9-EA5080D1E3E1}.Debug|Any CPU.Build.0 = Debug|Any CPU
		{70F1873B-41A2-4665-89F9-EA5080D1E3E1}.Release|Any CPU.ActiveCfg = Release|Any CPU
		{70F1873B-41A2-4665-89F9-EA5080D1E3E1}.Release|Any CPU.Build.0 = Release|Any CPU
		{20778208-3B4B-4A09-B197-4701A5B1310D}.Debug|Any CPU.ActiveCfg = Debug|Any CPU
		{20778208-3B4B-4A09-B197-4701A5B1310D}.Debug|Any CPU.Build.0 = Debug|Any CPU
		{20778208-3B4B-4A09-B197-4701A5B1310D}.Release|Any CPU.ActiveCfg = Release|Any CPU
		{20778208-3B4B-4A09-B197-4701A5B1310D}.Release|Any CPU.Build.0 = Release|Any CPU
	EndGlobalSection
	GlobalSection(SolutionProperties) = preSolution
		HideSolutionNode = FALSE
	EndGlobalSection
	GlobalSection(NestedProjects) = preSolution
		{EC19CA00-C90B-42D0-99E1-18CFB9D803D7} = {718CD62B-CA86-4D39-AD46-31CBAAC34445}
		{73F79AB7-825C-4B1C-81D3-B1155ACF262D} = {718CD62B-CA86-4D39-AD46-31CBAAC34445}
		{70F1873B-41A2-4665-89F9-EA5080D1E3E1} = {718CD62B-CA86-4D39-AD46-31CBAAC34445}
		{718CD62B-CA86-4D39-AD46-31CBAAC34445} = {A44AACD5-0A12-4AAF-969D-4F436CE6B985}
		{20778208-3B4B-4A09-B197-4701A5B1310D} = {585FEC48-C9A8-48F4-9015-D02B275AFDC9}
		{585FEC48-C9A8-48F4-9015-D02B275AFDC9} = {A44AACD5-0A12-4AAF-969D-4F436CE6B985}
	EndGlobalSection
	GlobalSection(ExtensibilityGlobals) = postSolution
		SolutionGuid = {FFEA38BA-0D1D-4BCC-8A31-B0514F4C62C0}
	EndGlobalSection
EndGlobal
